
Microsoft Visual Studio Solution File, Format Version 12.00
# Visual Studio Version 17
VisualStudioVersion = 17.4.33205.214
MinimumVisualStudioVersion = 10.0.40219.1
Project("{FAE04EC0-301F-11D3-BF4B-00C04F79EFBC}") = "SistemaVentas.Entity", "SistemaVentas.Entity\SistemaVentas.Entity.csproj", "{B48CE55B-2F4B-4248-8735-7AE13343C8CC}"
EndProject
Project("{FAE04EC0-301F-11D3-BF4B-00C04F79EFBC}") = "SistemaVentas.DAL", "SistemaVentas.DAL\SistemaVentas.DAL.csproj", "{FB5F46C3-4DD1-4CE3-BCD3-6507B9F67B84}"
EndProject
Project("{FAE04EC0-301F-11D3-BF4B-00C04F79EFBC}") = "SistemaVentas.BLL", "SistemaVentas.BLL\SistemaVentas.BLL.csproj", "{8719D5A2-443D-4985-AF66-8228416D1214}"
EndProject
Project("{FAE04EC0-301F-11D3-BF4B-00C04F79EFBC}") = "SistemaVentas.IOC", "SistemaVentas.IOC\SistemaVentas.IOC.csproj", "{BFB169DF-FEB3-407E-9930-533379FDDF5C}"
EndProject
Project("{FAE04EC0-301F-11D3-BF4B-00C04F79EFBC}") = "SistemaVentas.AplicacionWeb", "SistemaVentas.AplicacionWeb\SistemaVentas.AplicacionWeb.csproj", "{2AF6E843-D076-4590-8770-FFEE07FD6BAE}"
EndProject
Global
	GlobalSection(SolutionConfigurationPlatforms) = preSolution
		Debug|Any CPU = Debug|Any CPU
		Release|Any CPU = Release|Any CPU
	EndGlobalSection
	GlobalSection(ProjectConfigurationPlatforms) = postSolution
		{B48CE55B-2F4B-4248-8735-7AE13343C8CC}.Debug|Any CPU.ActiveCfg = Debug|Any CPU
		{B48CE55B-2F4B-4248-8735-7AE13343C8CC}.Debug|Any CPU.Build.0 = Debug|Any CPU
		{B48CE55B-2F4B-4248-8735-7AE13343C8CC}.Release|Any CPU.ActiveCfg = Release|Any CPU
		{B48CE55B-2F4B-4248-8735-7AE13343C8CC}.Release|Any CPU.Build.0 = Release|Any CPU
		{FB5F46C3-4DD1-4CE3-BCD3-6507B9F67B84}.Debug|Any CPU.ActiveCfg = Debug|Any CPU
		{FB5F46C3-4DD1-4CE3-BCD3-6507B9F67B84}.Debug|Any CPU.Build.0 = Debug|Any CPU
		{FB5F46C3-4DD1-4CE3-BCD3-6507B9F67B84}.Release|Any CPU.ActiveCfg = Release|Any CPU
		{FB5F46C3-4DD1-4CE3-BCD3-6507B9F67B84}.Release|Any CPU.Build.0 = Release|Any CPU
		{8719D5A2-443D-4985-AF66-8228416D1214}.Debug|Any CPU.ActiveCfg = Debug|Any CPU
		{8719D5A2-443D-4985-AF66-8228416D1214}.Debug|Any CPU.Build.0 = Debug|Any CPU
		{8719D5A2-443D-4985-AF66-8228416D1214}.Release|Any CPU.ActiveCfg = Release|Any CPU
		{8719D5A2-443D-4985-AF66-8228416D1214}.Release|Any CPU.Build.0 = Release|Any CPU
		{BFB169DF-FEB3-407E-9930-533379FDDF5C}.Debug|Any CPU.ActiveCfg = Debug|Any CPU
		{BFB169DF-FEB3-407E-9930-533379FDDF5C}.Debug|Any CPU.Build.0 = Debug|Any CPU
		{BFB169DF-FEB3-407E-9930-533379FDDF5C}.Release|Any CPU.ActiveCfg = Release|Any CPU
		{BFB169DF-FEB3-407E-9930-533379FDDF5C}.Release|Any CPU.Build.0 = Release|Any CPU
		{2AF6E843-D076-4590-8770-FFEE07FD6BAE}.Debug|Any CPU.ActiveCfg = Debug|Any CPU
		{2AF6E843-D076-4590-8770-FFEE07FD6BAE}.Debug|Any CPU.Build.0 = Debug|Any CPU
		{2AF6E843-D076-4590-8770-FFEE07FD6BAE}.Release|Any CPU.ActiveCfg = Release|Any CPU
		{2AF6E843-D076-4590-8770-FFEE07FD6BAE}.Release|Any CPU.Build.0 = Release|Any CPU
	EndGlobalSection
	GlobalSection(SolutionProperties) = preSolution
		HideSolutionNode = FALSE
	EndGlobalSection
	GlobalSection(ExtensibilityGlobals) = postSolution
		SolutionGuid = {C0A83C43-5627-46B1-A022-DD05A14C2A09}
	EndGlobalSection
EndGlobal
